
Microsoft Visual Studio Solution File, Format Version 12.00
# Visual Studio Version 17
VisualStudioVersion = 17.0.32112.339
MinimumVisualStudioVersion = 10.0.40219.1
Project("{9A19103F-16F7-4668-BE54-9A1E7A4F7556}") = "Remnant.Dependency.Injector", "Remnant.Dependency.Injector\Remnant.Dependency.Injector.csproj", "{2F9F9924-1587-4D21-8CED-0967A4724EA2}"
EndProject
Project("{9A19103F-16F7-4668-BE54-9A1E7A4F7556}") = "Remnant.Dependency.Injector.Analyzer", "Remnant.Dependency.Injector.Analyzer\Remnant.Dependency.Injector.Analyzer.csproj", "{28937843-61D0-489D-AF76-42940F9D86E6}"
EndProject
Project("{9A19103F-16F7-4668-BE54-9A1E7A4F7556}") = "Remnant.Dependency.Interface", "Remnant.Dependency.Interface\Remnant.Dependency.Interface.csproj", "{0770BB12-B61F-425B-8D63-4DC2219DE10C}"
EndProject
Project("{9A19103F-16F7-4668-BE54-9A1E7A4F7556}") = "Remnant.Dependency.Injector.Tests", "Remnant.Dependency.Injector.Tests\Remnant.Dependency.Injector.Tests.csproj", "{CD46390B-388C-4AC2-A1BB-E96DA9CCC320}"
EndProject
Global
	GlobalSection(SolutionConfigurationPlatforms) = preSolution
		Debug|Any CPU = Debug|Any CPU
		Release|Any CPU = Release|Any CPU
	EndGlobalSection
	GlobalSection(ProjectConfigurationPlatforms) = postSolution
		{2F9F9924-1587-4D21-8CED-0967A4724EA2}.Debug|Any CPU.ActiveCfg = Debug|Any CPU
		{2F9F9924-1587-4D21-8CED-0967A4724EA2}.Debug|Any CPU.Build.0 = Debug|Any CPU
		{2F9F9924-1587-4D21-8CED-0967A4724EA2}.Release|Any CPU.ActiveCfg = Release|Any CPU
		{2F9F9924-1587-4D21-8CED-0967A4724EA2}.Release|Any CPU.Build.0 = Release|Any CPU
		{28937843-61D0-489D-AF76-42940F9D86E6}.Debug|Any CPU.ActiveCfg = Debug|Any CPU
		{28937843-61D0-489D-AF76-42940F9D86E6}.Debug|Any CPU.Build.0 = Debug|Any CPU
		{28937843-61D0-489D-AF76-42940F9D86E6}.Release|Any CPU.ActiveCfg = Release|Any CPU
		{28937843-61D0-489D-AF76-42940F9D86E6}.Release|Any CPU.Build.0 = Release|Any CPU
		{0770BB12-B61F-425B-8D63-4DC2219DE10C}.Debug|Any CPU.ActiveCfg = Debug|Any CPU
		{0770BB12-B61F-425B-8D63-4DC2219DE10C}.Debug|Any CPU.Build.0 = Debug|Any CPU
		{0770BB12-B61F-425B-8D63-4DC2219DE10C}.Release|Any CPU.ActiveCfg = Release|Any CPU
		{0770BB12-B61F-425B-8D63-4DC2219DE10C}.Release|Any CPU.Build.0 = Release|Any CPU
		{CD46390B-388C-4AC2-A1BB-E96DA9CCC320}.Debug|Any CPU.ActiveCfg = Debug|Any CPU
		{CD46390B-388C-4AC2-A1BB-E96DA9CCC320}.Debug|Any CPU.Build.0 = Debug|Any CPU
		{CD46390B-388C-4AC2-A1BB-E96DA9CCC320}.Release|Any CPU.ActiveCfg = Release|Any CPU
		{CD46390B-388C-4AC2-A1BB-E96DA9CCC320}.Release|Any CPU.Build.0 = Release|Any CPU
	EndGlobalSection
	GlobalSection(SolutionProperties) = preSolution
		HideSolutionNode = FALSE
	EndGlobalSection
	GlobalSection(ExtensibilityGlobals) = postSolution
		SolutionGuid = {AE92C748-309D-418B-B6BE-74E950324A2E}
	EndGlobalSection
EndGlobal
